
Microsoft Visual Studio Solution File, Format Version 12.00
# Visual Studio Version 17
VisualStudioVersion = 17.4.33213.308
MinimumVisualStudioVersion = 10.0.40219.1
Project("{9A19103F-16F7-4668-BE54-9A1E7A4F7556}") = "task_54", "task_54.csproj", "{FF9364EC-AC16-4578-816A-A254A784EB3D}"
EndProject
Project("{9A19103F-16F7-4668-BE54-9A1E7A4F7556}") = "MatrixMaster", "..\MatrixMaster\MatrixMaster.csproj", "{F8063AD0-ABF0-432B-8880-3A6559C71431}"
EndProject
Global
	GlobalSection(SolutionConfigurationPlatforms) = preSolution
		Debug|Any CPU = Debug|Any CPU
		Release|Any CPU = Release|Any CPU
	EndGlobalSection
	GlobalSection(ProjectConfigurationPlatforms) = postSolution
		{FF9364EC-AC16-4578-816A-A254A784EB3D}.Debug|Any CPU.ActiveCfg = Debug|Any CPU
		{FF9364EC-AC16-4578-816A-A254A784EB3D}.Debug|Any CPU.Build.0 = Debug|Any CPU
		{FF9364EC-AC16-4578-816A-A254A784EB3D}.Release|Any CPU.ActiveCfg = Release|Any CPU
		{FF9364EC-AC16-4578-816A-A254A784EB3D}.Release|Any CPU.Build.0 = Release|Any CPU
		{F8063AD0-ABF0-432B-8880-3A6559C71431}.Debug|Any CPU.ActiveCfg = Debug|Any CPU
		{F8063AD0-ABF0-432B-8880-3A6559C71431}.Debug|Any CPU.Build.0 = Debug|Any CPU
		{F8063AD0-ABF0-432B-8880-3A6559C71431}.Release|Any CPU.ActiveCfg = Release|Any CPU
		{F8063AD0-ABF0-432B-8880-3A6559C71431}.Release|Any CPU.Build.0 = Release|Any CPU
	EndGlobalSection
	GlobalSection(SolutionProperties) = preSolution
		HideSolutionNode = FALSE
	EndGlobalSection
	GlobalSection(ExtensibilityGlobals) = postSolution
		SolutionGuid = {103F2AC2-C099-4475-AD12-6444F8C6660C}
	EndGlobalSection
EndGlobal
