
Microsoft Visual Studio Solution File, Format Version 12.00
# Visual Studio Version 17
VisualStudioVersion = 17.4.33213.308
MinimumVisualStudioVersion = 10.0.40219.1
Project("{FAE04EC0-301F-11D3-BF4B-00C04F79EFBC}") = "task_47", "task_47.csproj", "{A43D84B1-2AA1-4E8E-A68E-9334FC3008E1}"
EndProject
Project("{FAE04EC0-301F-11D3-BF4B-00C04F79EFBC}") = "MatrixMaster", "..\MatrixMaster\MatrixMaster.csproj", "{F006C0DD-40EE-4956-A4D0-BA7B4ADB2847}"
EndProject
Global
	GlobalSection(SolutionConfigurationPlatforms) = preSolution
		Debug|Any CPU = Debug|Any CPU
		Release|Any CPU = Release|Any CPU
	EndGlobalSection
	GlobalSection(ProjectConfigurationPlatforms) = postSolution
		{A43D84B1-2AA1-4E8E-A68E-9334FC3008E1}.Debug|Any CPU.ActiveCfg = Debug|Any CPU
		{A43D84B1-2AA1-4E8E-A68E-9334FC3008E1}.Debug|Any CPU.Build.0 = Debug|Any CPU
		{A43D84B1-2AA1-4E8E-A68E-9334FC3008E1}.Release|Any CPU.ActiveCfg = Release|Any CPU
		{A43D84B1-2AA1-4E8E-A68E-9334FC3008E1}.Release|Any CPU.Build.0 = Release|Any CPU
		{F006C0DD-40EE-4956-A4D0-BA7B4ADB2847}.Debug|Any CPU.ActiveCfg = Debug|Any CPU
		{F006C0DD-40EE-4956-A4D0-BA7B4ADB2847}.Debug|Any CPU.Build.0 = Debug|Any CPU
		{F006C0DD-40EE-4956-A4D0-BA7B4ADB2847}.Release|Any CPU.ActiveCfg = Release|Any CPU
		{F006C0DD-40EE-4956-A4D0-BA7B4ADB2847}.Release|Any CPU.Build.0 = Release|Any CPU
	EndGlobalSection
	GlobalSection(SolutionProperties) = preSolution
		HideSolutionNode = FALSE
	EndGlobalSection
	GlobalSection(ExtensibilityGlobals) = postSolution
		SolutionGuid = {D2A8CB54-F3AB-48BC-BB02-AC7A85897CDB}
	EndGlobalSection
EndGlobal
